
Microsoft Visual Studio Solution File, Format Version 12.00
# Visual Studio Version 16
VisualStudioVersion = 16.0.30413.136
MinimumVisualStudioVersion = 10.0.40219.1
Project("{FAE04EC0-301F-11D3-BF4B-00C04F79EFBC}") = "WebShop", "WebShop\WebShop.csproj", "{46F933D4-AE77-493D-9CDA-3795254B9F86}"
EndProject
Project("{FAE04EC0-301F-11D3-BF4B-00C04F79EFBC}") = "WebShopTest", "WebShopTest\WebShopTest.csproj", "{E1709C3C-999A-49E2-82C1-391AE6C9C859}"
EndProject
Global
	GlobalSection(SolutionConfigurationPlatforms) = preSolution
		Debug|Any CPU = Debug|Any CPU
		Release|Any CPU = Release|Any CPU
	EndGlobalSection
	GlobalSection(ProjectConfigurationPlatforms) = postSolution
		{46F933D4-AE77-493D-9CDA-3795254B9F86}.Debug|Any CPU.ActiveCfg = Debug|Any CPU
		{46F933D4-AE77-493D-9CDA-3795254B9F86}.Debug|Any CPU.Build.0 = Debug|Any CPU
		{46F933D4-AE77-493D-9CDA-3795254B9F86}.Release|Any CPU.ActiveCfg = Release|Any CPU
		{46F933D4-AE77-493D-9CDA-3795254B9F86}.Release|Any CPU.Build.0 = Release|Any CPU
		{E1709C3C-999A-49E2-82C1-391AE6C9C859}.Debug|Any CPU.ActiveCfg = Debug|Any CPU
		{E1709C3C-999A-49E2-82C1-391AE6C9C859}.Debug|Any CPU.Build.0 = Debug|Any CPU
		{E1709C3C-999A-49E2-82C1-391AE6C9C859}.Release|Any CPU.ActiveCfg = Release|Any CPU
		{E1709C3C-999A-49E2-82C1-391AE6C9C859}.Release|Any CPU.Build.0 = Release|Any CPU
	EndGlobalSection
	GlobalSection(SolutionProperties) = preSolution
		HideSolutionNode = FALSE
	EndGlobalSection
	GlobalSection(ExtensibilityGlobals) = postSolution
		SolutionGuid = {8892655E-3D38-4DFC-B62C-7DD3702A7A84}
	EndGlobalSection
EndGlobal
